// !$*UTF8*$!
{
	archiveVersion = 1;
	classes = {
	};
	objectVersion = 46;
	objects = {

/* Begin PBXBuildFile section */
		B70DFF461CA8D06A007D94D0 /* NewChatViewController.swift in Sources */ = {isa = PBXBuildFile; fileRef = B70DFF451CA8D06A007D94D0 /* NewChatViewController.swift */; };
		B70DFF481CACC3AC007D94D0 /* TableViewFetchedResultsDelegate.swift in Sources */ = {isa = PBXBuildFile; fileRef = B70DFF471CACC3AC007D94D0 /* TableViewFetchedResultsDelegate.swift */; };
		B7194E291CA73F2B007D5F27 /* Contact+CoreDataProperties.swift in Sources */ = {isa = PBXBuildFile; fileRef = B7194E271CA73F2B007D5F27 /* Contact+CoreDataProperties.swift */; };
		B7194E2A1CA73F2B007D5F27 /* Contact.swift in Sources */ = {isa = PBXBuildFile; fileRef = B7194E281CA73F2B007D5F27 /* Contact.swift */; };
		B7325A5B1C9B66FA002BC406 /* AppDelegate.swift in Sources */ = {isa = PBXBuildFile; fileRef = B7325A5A1C9B66FA002BC406 /* AppDelegate.swift */; };
		B7325A5D1C9B66FA002BC406 /* ChatViewController.swift in Sources */ = {isa = PBXBuildFile; fileRef = B7325A5C1C9B66FA002BC406 /* ChatViewController.swift */; };
		B7325A601C9B66FA002BC406 /* Main.storyboard in Resources */ = {isa = PBXBuildFile; fileRef = B7325A5E1C9B66FA002BC406 /* Main.storyboard */; };
		B7325A621C9B66FA002BC406 /* Assets.xcassets in Resources */ = {isa = PBXBuildFile; fileRef = B7325A611C9B66FA002BC406 /* Assets.xcassets */; };
		B7325A651C9B66FA002BC406 /* LaunchScreen.storyboard in Resources */ = {isa = PBXBuildFile; fileRef = B7325A631C9B66FA002BC406 /* LaunchScreen.storyboard */; };
		B7325A6F1C9BAC1A002BC406 /* MessageCell.swift in Sources */ = {isa = PBXBuildFile; fileRef = B7325A6E1C9BAC1A002BC406 /* MessageCell.swift */; };
		B7B3A7701C9F8B72008C6C8D /* UITableView+Scroll.swift in Sources */ = {isa = PBXBuildFile; fileRef = B7B3A76F1C9F8B72008C6C8D /* UITableView+Scroll.swift */; };
		B7BABE481CA4DA9300964D3F /* CDHelper.swift in Sources */ = {isa = PBXBuildFile; fileRef = B7BABE471CA4DA9300964D3F /* CDHelper.swift */; };
		B7BABE4B1CA4DD0800964D3F /* Model.xcdatamodeld in Sources */ = {isa = PBXBuildFile; fileRef = B7BABE491CA4DD0800964D3F /* Model.xcdatamodeld */; };
		B7BABE4F1CA4DDE400964D3F /* Message.swift in Sources */ = {isa = PBXBuildFile; fileRef = B7BABE4D1CA4DDE400964D3F /* Message.swift */; };
		B7F159B71CA5C4D20003938C /* Chat+CoreDataProperties.swift in Sources */ = {isa = PBXBuildFile; fileRef = B7F159B41CA5C4D20003938C /* Chat+CoreDataProperties.swift */; };
		B7F159B81CA5C4D20003938C /* Chat.swift in Sources */ = {isa = PBXBuildFile; fileRef = B7F159B51CA5C4D20003938C /* Chat.swift */; };
		B7F159BA1CA5C5280003938C /* Message+CoreDataProperties.swift in Sources */ = {isa = PBXBuildFile; fileRef = B7F159B91CA5C5280003938C /* Message+CoreDataProperties.swift */; };
		B7F159BC1CA5C7450003938C /* ChatCell.swift in Sources */ = {isa = PBXBuildFile; fileRef = B7F159BB1CA5C7450003938C /* ChatCell.swift */; };
		B7F159BE1CA5CD120003938C /* AllChatsViewController.swift in Sources */ = {isa = PBXBuildFile; fileRef = B7F159BD1CA5CD120003938C /* AllChatsViewController.swift */; };
/* End PBXBuildFile section */

/* Begin PBXFileReference section */
		B70DFF451CA8D06A007D94D0 /* NewChatViewController.swift */ = {isa = PBXFileReference; fileEncoding = 4; lastKnownFileType = sourcecode.swift; path = NewChatViewController.swift; sourceTree = "<group>"; };
		B70DFF471CACC3AC007D94D0 /* TableViewFetchedResultsDelegate.swift */ = {isa = PBXFileReference; fileEncoding = 4; lastKnownFileType = sourcecode.swift; path = TableViewFetchedResultsDelegate.swift; sourceTree = "<group>"; };
		B7194E271CA73F2B007D5F27 /* Contact+CoreDataProperties.swift */ = {isa = PBXFileReference; fileEncoding = 4; lastKnownFileType = sourcecode.swift; path = "Contact+CoreDataProperties.swift"; sourceTree = "<group>"; };
		B7194E281CA73F2B007D5F27 /* Contact.swift */ = {isa = PBXFileReference; fileEncoding = 4; lastKnownFileType = sourcecode.swift; path = Contact.swift; sourceTree = "<group>"; };
		B7325A571C9B66FA002BC406 /* TaterTalk.app */ = {isa = PBXFileReference; explicitFileType = wrapper.application; includeInIndex = 0; path = TaterTalk.app; sourceTree = BUILT_PRODUCTS_DIR; };
		B7325A5A1C9B66FA002BC406 /* AppDelegate.swift */ = {isa = PBXFileReference; lastKnownFileType = sourcecode.swift; path = AppDelegate.swift; sourceTree = "<group>"; };
		B7325A5C1C9B66FA002BC406 /* ChatViewController.swift */ = {isa = PBXFileReference; lastKnownFileType = sourcecode.swift; path = ChatViewController.swift; sourceTree = "<group>"; };
		B7325A5F1C9B66FA002BC406 /* Base */ = {isa = PBXFileReference; lastKnownFileType = file.storyboard; name = Base; path = Base.lproj/Main.storyboard; sourceTree = "<group>"; };
		B7325A611C9B66FA002BC406 /* Assets.xcassets */ = {isa = PBXFileReference; lastKnownFileType = folder.assetcatalog; path = Assets.xcassets; sourceTree = "<group>"; };
		B7325A641C9B66FA002BC406 /* Base */ = {isa = PBXFileReference; lastKnownFileType = file.storyboard; name = Base; path = Base.lproj/LaunchScreen.storyboard; sourceTree = "<group>"; };
		B7325A661C9B66FA002BC406 /* Info.plist */ = {isa = PBXFileReference; lastKnownFileType = text.plist.xml; path = Info.plist; sourceTree = "<group>"; };
		B7325A6E1C9BAC1A002BC406 /* MessageCell.swift */ = {isa = PBXFileReference; fileEncoding = 4; lastKnownFileType = sourcecode.swift; path = MessageCell.swift; sourceTree = "<group>"; };
		B7B3A76F1C9F8B72008C6C8D /* UITableView+Scroll.swift */ = {isa = PBXFileReference; fileEncoding = 4; lastKnownFileType = sourcecode.swift; path = "UITableView+Scroll.swift"; sourceTree = "<group>"; };
		B7BABE471CA4DA9300964D3F /* CDHelper.swift */ = {isa = PBXFileReference; fileEncoding = 4; lastKnownFileType = sourcecode.swift; path = CDHelper.swift; sourceTree = "<group>"; };
		B7BABE4A1CA4DD0800964D3F /* Model.xcdatamodel */ = {isa = PBXFileReference; lastKnownFileType = wrapper.xcdatamodel; path = Model.xcdatamodel; sourceTree = "<group>"; };
		B7BABE4D1CA4DDE400964D3F /* Message.swift */ = {isa = PBXFileReference; fileEncoding = 4; lastKnownFileType = sourcecode.swift; path = Message.swift; sourceTree = "<group>"; };
		B7F159B41CA5C4D20003938C /* Chat+CoreDataProperties.swift */ = {isa = PBXFileReference; fileEncoding = 4; lastKnownFileType = sourcecode.swift; path = "Chat+CoreDataProperties.swift"; sourceTree = "<group>"; };
		B7F159B51CA5C4D20003938C /* Chat.swift */ = {isa = PBXFileReference; fileEncoding = 4; lastKnownFileType = sourcecode.swift; path = Chat.swift; sourceTree = "<group>"; };
		B7F159B91CA5C5280003938C /* Message+CoreDataProperties.swift */ = {isa = PBXFileReference; fileEncoding = 4; lastKnownFileType = sourcecode.swift; path = "Message+CoreDataProperties.swift"; sourceTree = "<group>"; };
		B7F159BB1CA5C7450003938C /* ChatCell.swift */ = {isa = PBXFileReference; fileEncoding = 4; lastKnownFileType = sourcecode.swift; path = ChatCell.swift; sourceTree = "<group>"; };
		B7F159BD1CA5CD120003938C /* AllChatsViewController.swift */ = {isa = PBXFileReference; fileEncoding = 4; lastKnownFileType = sourcecode.swift; path = AllChatsViewController.swift; sourceTree = "<group>"; };
/* End PBXFileReference section */

/* Begin PBXFrameworksBuildPhase section */
		B7325A541C9B66FA002BC406 /* Frameworks */ = {
			isa = PBXFrameworksBuildPhase;
			buildActionMask = 2147483647;
			files = (
			);
			runOnlyForDeploymentPostprocessing = 0;
		};
/* End PBXFrameworksBuildPhase section */

/* Begin PBXGroup section */
		B7325A4E1C9B66FA002BC406 = {
			isa = PBXGroup;
			children = (
				B7194E271CA73F2B007D5F27 /* Contact+CoreDataProperties.swift */,
				B7194E281CA73F2B007D5F27 /* Contact.swift */,
				B7F159B91CA5C5280003938C /* Message+CoreDataProperties.swift */,
				B7F159B41CA5C4D20003938C /* Chat+CoreDataProperties.swift */,
				B7F159B51CA5C4D20003938C /* Chat.swift */,
				B7BABE4D1CA4DDE400964D3F /* Message.swift */,
				B7325A591C9B66FA002BC406 /* TaterTalk */,
				B7325A581C9B66FA002BC406 /* Products */,
			);
			sourceTree = "<group>";
		};
		B7325A581C9B66FA002BC406 /* Products */ = {
			isa = PBXGroup;
			children = (
				B7325A571C9B66FA002BC406 /* TaterTalk.app */,
			);
			name = Products;
			sourceTree = "<group>";
		};
		B7325A591C9B66FA002BC406 /* TaterTalk */ = {
			isa = PBXGroup;
			children = (
				B7325A5A1C9B66FA002BC406 /* AppDelegate.swift */,
				B7F159BD1CA5CD120003938C /* AllChatsViewController.swift */,
				B70DFF451CA8D06A007D94D0 /* NewChatViewController.swift */,
				B7325A5C1C9B66FA002BC406 /* ChatViewController.swift */,
				B7F159BB1CA5C7450003938C /* ChatCell.swift */,
				B7B3A76F1C9F8B72008C6C8D /* UITableView+Scroll.swift */,
				B70DFF471CACC3AC007D94D0 /* TableViewFetchedResultsDelegate.swift */,
				B7BABE471CA4DA9300964D3F /* CDHelper.swift */,
				B7BABE491CA4DD0800964D3F /* Model.xcdatamodeld */,
				B7325A6E1C9BAC1A002BC406 /* MessageCell.swift */,
				B7325A5E1C9B66FA002BC406 /* Main.storyboard */,
				B7325A611C9B66FA002BC406 /* Assets.xcassets */,
				B7325A631C9B66FA002BC406 /* LaunchScreen.storyboard */,
				B7325A661C9B66FA002BC406 /* Info.plist */,
			);
			path = TaterTalk;
			sourceTree = "<group>";
		};
/* End PBXGroup section */

/* Begin PBXNativeTarget section */
		B7325A561C9B66FA002BC406 /* TaterTalk */ = {
			isa = PBXNativeTarget;
			buildConfigurationList = B7325A691C9B66FA002BC406 /* Build configuration list for PBXNativeTarget "TaterTalk" */;
			buildPhases = (
				B7325A531C9B66FA002BC406 /* Sources */,
				B7325A541C9B66FA002BC406 /* Frameworks */,
				B7325A551C9B66FA002BC406 /* Resources */,
			);
			buildRules = (
			);
			dependencies = (
			);
			name = TaterTalk;
			productName = TaterTalk;
			productReference = B7325A571C9B66FA002BC406 /* TaterTalk.app */;
			productType = "com.apple.product-type.application";
		};
/* End PBXNativeTarget section */

/* Begin PBXProject section */
		B7325A4F1C9B66FA002BC406 /* Project object */ = {
			isa = PBXProject;
			attributes = {
				LastSwiftUpdateCheck = 0720;
				LastUpgradeCheck = 0720;
				ORGANIZATIONNAME = "Doug Harper";
				TargetAttributes = {
					B7325A561C9B66FA002BC406 = {
						CreatedOnToolsVersion = 7.2.1;
					};
				};
			};
			buildConfigurationList = B7325A521C9B66FA002BC406 /* Build configuration list for PBXProject "TaterTalk" */;
			compatibilityVersion = "Xcode 3.2";
			developmentRegion = English;
			hasScannedForEncodings = 0;
			knownRegions = (
				en,
				Base,
			);
			mainGroup = B7325A4E1C9B66FA002BC406;
			productRefGroup = B7325A581C9B66FA002BC406 /* Products */;
			projectDirPath = "";
			projectRoot = "";
			targets = (
				B7325A561C9B66FA002BC406 /* TaterTalk */,
			);
		};
/* End PBXProject section */

/* Begin PBXResourcesBuildPhase section */
		B7325A551C9B66FA002BC406 /* Resources */ = {
			isa = PBXResourcesBuildPhase;
			buildActionMask = 2147483647;
			files = (
				B7325A651C9B66FA002BC406 /* LaunchScreen.storyboard in Resources */,
				B7325A621C9B66FA002BC406 /* Assets.xcassets in Resources */,
				B7325A601C9B66FA002BC406 /* Main.storyboard in Resources */,
			);
			runOnlyForDeploymentPostprocessing = 0;
		};
/* End PBXResourcesBuildPhase section */

/* Begin PBXSourcesBuildPhase section */
		B7325A531C9B66FA002BC406 /* Sources */ = {
			isa = PBXSourcesBuildPhase;
			buildActionMask = 2147483647;
			files = (
				B7B3A7701C9F8B72008C6C8D /* UITableView+Scroll.swift in Sources */,
				B7BABE481CA4DA9300964D3F /* CDHelper.swift in Sources */,
				B7F159BC1CA5C7450003938C /* ChatCell.swift in Sources */,
				B70DFF481CACC3AC007D94D0 /* TableViewFetchedResultsDelegate.swift in Sources */,
				B7BABE4B1CA4DD0800964D3F /* Model.xcdatamodeld in Sources */,
				B70DFF461CA8D06A007D94D0 /* NewChatViewController.swift in Sources */,
				B7325A6F1C9BAC1A002BC406 /* MessageCell.swift in Sources */,
				B7F159B81CA5C4D20003938C /* Chat.swift in Sources */,
				B7194E2A1CA73F2B007D5F27 /* Contact.swift in Sources */,
				B7F159BE1CA5CD120003938C /* AllChatsViewController.swift in Sources */,
				B7194E291CA73F2B007D5F27 /* Contact+CoreDataProperties.swift in Sources */,
				B7BABE4F1CA4DDE400964D3F /* Message.swift in Sources */,
				B7F159B71CA5C4D20003938C /* Chat+CoreDataProperties.swift in Sources */,
				B7325A5D1C9B66FA002BC406 /* ChatViewController.swift in Sources */,
				B7F159BA1CA5C5280003938C /* Message+CoreDataProperties.swift in Sources */,
				B7325A5B1C9B66FA002BC406 /* AppDelegate.swift in Sources */,
			);
			runOnlyForDeploymentPostprocessing = 0;
		};
/* End PBXSourcesBuildPhase section */

/* Begin PBXVariantGroup section */
		B7325A5E1C9B66FA002BC406 /* Main.storyboard */ = {
			isa = PBXVariantGroup;
			children = (
				B7325A5F1C9B66FA002BC406 /* Base */,
			);
			name = Main.storyboard;
			sourceTree = "<group>";
		};
		B7325A631C9B66FA002BC406 /* LaunchScreen.storyboard */ = {
			isa = PBXVariantGroup;
			children = (
				B7325A641C9B66FA002BC406 /* Base */,
			);
			name = LaunchScreen.storyboard;
			sourceTree = "<group>";
		};
/* End PBXVariantGroup section */

/* Begin XCBuildConfiguration section */
		B7325A671C9B66FA002BC406 /* Debug */ = {
			isa = XCBuildConfiguration;
			buildSettings = {
				ALWAYS_SEARCH_USER_PATHS = NO;
				CLANG_CXX_LANGUAGE_STANDARD = "gnu++0x";
				CLANG_CXX_LIBRARY = "libc++";
				CLANG_ENABLE_MODULES = YES;
				CLANG_ENABLE_OBJC_ARC = YES;
				CLANG_WARN_BOOL_CONVERSION = YES;
				CLANG_WARN_CONSTANT_CONVERSION = YES;
				CLANG_WARN_DIRECT_OBJC_ISA_USAGE = YES_ERROR;
				CLANG_WARN_EMPTY_BODY = YES;
				CLANG_WARN_ENUM_CONVERSION = YES;
				CLANG_WARN_INT_CONVERSION = YES;
				CLANG_WARN_OBJC_ROOT_CLASS = YES_ERROR;
				CLANG_WARN_UNREACHABLE_CODE = YES;
				CLANG_WARN__DUPLICATE_METHOD_MATCH = YES;
				"CODE_SIGN_IDENTITY[sdk=iphoneos*]" = "iPhone Developer";
				COPY_PHASE_STRIP = NO;
				DEBUG_INFORMATION_FORMAT = dwarf;
				ENABLE_STRICT_OBJC_MSGSEND = YES;
				ENABLE_TESTABILITY = YES;
				GCC_C_LANGUAGE_STANDARD = gnu99;
				GCC_DYNAMIC_NO_PIC = NO;
				GCC_NO_COMMON_BLOCKS = YES;
				GCC_OPTIMIZATION_LEVEL = 0;
				GCC_PREPROCESSOR_DEFINITIONS = (
					"DEBUG=1",
					"$(inherited)",
				);
				GCC_WARN_64_TO_32_BIT_CONVERSION = YES;
				GCC_WARN_ABOUT_RETURN_TYPE = YES_ERROR;
				GCC_WARN_UNDECLARED_SELECTOR = YES;
				GCC_WARN_UNINITIALIZED_AUTOS = YES_AGGRESSIVE;
				GCC_WARN_UNUSED_FUNCTION = YES;
				GCC_WARN_UNUSED_VARIABLE = YES;
				IPHONEOS_DEPLOYMENT_TARGET = 9.2;
				MTL_ENABLE_DEBUG_INFO = YES;
				ONLY_ACTIVE_ARCH = YES;
				SDKROOT = iphoneos;
				SWIFT_OPTIMIZATION_LEVEL = "-Onone";
				TARGETED_DEVICE_FAMILY = "1,2";
			};
			name = Debug;
		};
		B7325A681C9B66FA002BC406 /* Release */ = {
			isa = XCBuildConfiguration;
			buildSettings = {
				ALWAYS_SEARCH_USER_PATHS = NO;
				CLANG_CXX_LANGUAGE_STANDARD = "gnu++0x";
				CLANG_CXX_LIBRARY = "libc++";
				CLANG_ENABLE_MODULES = YES;
				CLANG_ENABLE_OBJC_ARC = YES;
				CLANG_WARN_BOOL_CONVERSION = YES;
				CLANG_WARN_CONSTANT_CONVERSION = YES;
				CLANG_WARN_DIRECT_OBJC_ISA_USAGE = YES_ERROR;
				CLANG_WARN_EMPTY_BODY = YES;
				CLANG_WARN_ENUM_CONVERSION = YES;
				CLANG_WARN_INT_CONVERSION = YES;
				CLANG_WARN_OBJC_ROOT_CLASS = YES_ERROR;
				CLANG_WARN_UNREACHABLE_CODE = YES;
				CLANG_WARN__DUPLICATE_METHOD_MATCH = YES;
				"CODE_SIGN_IDENTITY[sdk=iphoneos*]" = "iPhone Developer";
				COPY_PHASE_STRIP = NO;
				DEBUG_INFORMATION_FORMAT = "dwarf-with-dsym";
				ENABLE_NS_ASSERTIONS = NO;
				ENABLE_STRICT_OBJC_MSGSEND = YES;
				GCC_C_LANGUAGE_STANDARD = gnu99;
				GCC_NO_COMMON_BLOCKS = YES;
				GCC_WARN_64_TO_32_BIT_CONVERSION = YES;
				GCC_WARN_ABOUT_RETURN_TYPE = YES_ERROR;
				GCC_WARN_UNDECLARED_SELECTOR = YES;
				GCC_WARN_UNINITIALIZED_AUTOS = YES_AGGRESSIVE;
				GCC_WARN_UNUSED_FUNCTION = YES;
				GCC_WARN_UNUSED_VARIABLE = YES;
				IPHONEOS_DEPLOYMENT_TARGET = 9.2;
				MTL_ENABLE_DEBUG_INFO = NO;
				SDKROOT = iphoneos;
				TARGETED_DEVICE_FAMILY = "1,2";
				VALIDATE_PRODUCT = YES;
			};
			name = Release;
		};
		B7325A6A1C9B66FA002BC406 /* Debug */ = {
			isa = XCBuildConfiguration;
			buildSettings = {
				ASSETCATALOG_COMPILER_APPICON_NAME = AppIcon;
				INFOPLIST_FILE = TaterTalk/Info.plist;
				LD_RUNPATH_SEARCH_PATHS = "$(inherited) @executable_path/Frameworks";
				PRODUCT_BUNDLE_IDENTIFIER = "com.doug-harper.TaterTalk";
				PRODUCT_NAME = "$(TARGET_NAME)";
			};
			name = Debug;
		};
		B7325A6B1C9B66FA002BC406 /* Release */ = {
			isa = XCBuildConfiguration;
			buildSettings = {
				ASSETCATALOG_COMPILER_APPICON_NAME = AppIcon;
				INFOPLIST_FILE = TaterTalk/Info.plist;
				LD_RUNPATH_SEARCH_PATHS = "$(inherited) @executable_path/Frameworks";
				PRODUCT_BUNDLE_IDENTIFIER = "com.doug-harper.TaterTalk";
				PRODUCT_NAME = "$(TARGET_NAME)";
			};
			name = Release;
		};
/* End XCBuildConfiguration section */

/* Begin XCConfigurationList section */
		B7325A521C9B66FA002BC406 /* Build configuration list for PBXProject "TaterTalk" */ = {
			isa = XCConfigurationList;
			buildConfigurations = (
				B7325A671C9B66FA002BC406 /* Debug */,
				B7325A681C9B66FA002BC406 /* Release */,
			);
			defaultConfigurationIsVisible = 0;
			defaultConfigurationName = Release;
		};
		B7325A691C9B66FA002BC406 /* Build configuration list for PBXNativeTarget "TaterTalk" */ = {
			isa = XCConfigurationList;
			buildConfigurations = (
				B7325A6A1C9B66FA002BC406 /* Debug */,
				B7325A6B1C9B66FA002BC406 /* Release */,
			);
			defaultConfigurationIsVisible = 0;
			defaultConfigurationName = Release;
		};
/* End XCConfigurationList section */

/* Begin XCVersionGroup section */
		B7BABE491CA4DD0800964D3F /* Model.xcdatamodeld */ = {
			isa = XCVersionGroup;
			children = (
				B7BABE4A1CA4DD0800964D3F /* Model.xcdatamodel */,
			);
			currentVersion = B7BABE4A1CA4DD0800964D3F /* Model.xcdatamodel */;
			path = Model.xcdatamodeld;
			sourceTree = "<group>";
			versionGroupType = wrapper.xcdatamodel;
		};
/* End XCVersionGroup section */
	};
	rootObject = B7325A4F1C9B66FA002BC406 /* Project object */;
}
